
Microsoft Visual Studio Solution File, Format Version 12.00
# Visual Studio Version 17
VisualStudioVersion = 17.6.33829.357
MinimumVisualStudioVersion = 10.0.40219.1
Project("{8BC9CEB8-8B4A-11D0-8D11-00A0C91BC942}") = "Bai_1", "Bai_1\Bai_1.vcxproj", "{39288101-541B-479A-B853-F4E75AFBB38D}"
EndProject
Project("{8BC9CEB8-8B4A-11D0-8D11-00A0C91BC942}") = "Bai_2", "Bai_2\Bai_2.vcxproj", "{05DD9198-122A-4692-9275-769209DB626B}"
EndProject
Project("{8BC9CEB8-8B4A-11D0-8D11-00A0C91BC942}") = "bai_3", "bai_3\bai_3.vcxproj", "{DA368583-F533-48EE-93FA-5262FF215270}"
EndProject
Project("{8BC9CEB8-8B4A-11D0-8D11-00A0C91BC942}") = "Bai_4", "Bai_4\Bai_4.vcxproj", "{162AB9AB-2C1B-4A4B-8645-AA3D5C369E99}"
EndProject
Project("{8BC9CEB8-8B4A-11D0-8D11-00A0C91BC942}") = "Bai_5", "Bai_5\Bai_5.vcxproj", "{C57A0043-4A66-4775-A07B-8FDDD2653420}"
EndProject
Project("{8BC9CEB8-8B4A-11D0-8D11-00A0C91BC942}") = "Bai_6", "Bai_6\Bai_6.vcxproj", "{E6699D3D-F05C-446E-A986-5093BFD7E565}"
EndProject
Project("{8BC9CEB8-8B4A-11D0-8D11-00A0C91BC942}") = "Bai_7", "Bai_7\Bai_7.vcxproj", "{25F7D6A4-B407-477E-AAC7-C7E026460CF7}"
EndProject
Project("{8BC9CEB8-8B4A-11D0-8D11-00A0C91BC942}") = "Bai_8", "Bai_8\Bai_8.vcxproj", "{AEA2509A-4250-479D-B341-881C74E693A7}"
EndProject
Project("{8BC9CEB8-8B4A-11D0-8D11-00A0C91BC942}") = "Bai_9", "Bai_9\Bai_9.vcxproj", "{C07DA2C7-49E4-4FF1-B078-5BC36A4FC172}"
EndProject
Project("{8BC9CEB8-8B4A-11D0-8D11-00A0C91BC942}") = "Bai_10", "Bai_10\Bai_10.vcxproj", "{5A3D08E4-4E9E-4254-89B8-0D71FCAC10B1}"
EndProject
Project("{8BC9CEB8-8B4A-11D0-8D11-00A0C91BC942}") = "Bai_11", "Bai_11\Bai_11.vcxproj", "{51CAFC51-C1D4-4CE4-A77C-4D5A0C60D927}"
EndProject
Project("{8BC9CEB8-8B4A-11D0-8D11-00A0C91BC942}") = "Bai_12", "Bai_12\Bai_12.vcxproj", "{B043D541-C662-41E5-9DC2-FAFCFBEDE78B}"
EndProject
Project("{8BC9CEB8-8B4A-11D0-8D11-00A0C91BC942}") = "Bai_13", "Bai_13\Bai_13.vcxproj", "{43B7C26A-6B9C-4028-B59B-793BB7DD1C32}"
EndProject
Global
	GlobalSection(SolutionConfigurationPlatforms) = preSolution
		Debug|x64 = Debug|x64
		Debug|x86 = Debug|x86
		Release|x64 = Release|x64
		Release|x86 = Release|x86
	EndGlobalSection
	GlobalSection(ProjectConfigurationPlatforms) = postSolution
		{39288101-541B-479A-B853-F4E75AFBB38D}.Debug|x64.ActiveCfg = Debug|x64
		{39288101-541B-479A-B853-F4E75AFBB38D}.Debug|x64.Build.0 = Debug|x64
		{39288101-541B-479A-B853-F4E75AFBB38D}.Debug|x86.ActiveCfg = Debug|Win32
		{39288101-541B-479A-B853-F4E75AFBB38D}.Debug|x86.Build.0 = Debug|Win32
		{39288101-541B-479A-B853-F4E75AFBB38D}.Release|x64.ActiveCfg = Release|x64
		{39288101-541B-479A-B853-F4E75AFBB38D}.Release|x64.Build.0 = Release|x64
		{39288101-541B-479A-B853-F4E75AFBB38D}.Release|x86.ActiveCfg = Release|Win32
		{39288101-541B-479A-B853-F4E75AFBB38D}.Release|x86.Build.0 = Release|Win32
		{05DD9198-122A-4692-9275-769209DB626B}.Debug|x64.ActiveCfg = Debug|x64
		{05DD9198-122A-4692-9275-769209DB626B}.Debug|x64.Build.0 = Debug|x64
		{05DD9198-122A-4692-9275-769209DB626B}.Debug|x86.ActiveCfg = Debug|Win32
		{05DD9198-122A-4692-9275-769209DB626B}.Debug|x86.Build.0 = Debug|Win32
		{05DD9198-122A-4692-9275-769209DB626B}.Release|x64.ActiveCfg = Release|x64
		{05DD9198-122A-4692-9275-769209DB626B}.Release|x64.Build.0 = Release|x64
		{05DD9198-122A-4692-9275-769209DB626B}.Release|x86.ActiveCfg = Release|Win32
		{05DD9198-122A-4692-9275-769209DB626B}.Release|x86.Build.0 = Release|Win32
		{DA368583-F533-48EE-93FA-5262FF215270}.Debug|x64.ActiveCfg = Debug|x64
		{DA368583-F533-48EE-93FA-5262FF215270}.Debug|x64.Build.0 = Debug|x64
		{DA368583-F533-48EE-93FA-5262FF215270}.Debug|x86.ActiveCfg = Debug|Win32
		{DA368583-F533-48EE-93FA-5262FF215270}.Debug|x86.Build.0 = Debug|Win32
		{DA368583-F533-48EE-93FA-5262FF215270}.Release|x64.ActiveCfg = Release|x64
		{DA368583-F533-48EE-93FA-5262FF215270}.Release|x64.Build.0 = Release|x64
		{DA368583-F533-48EE-93FA-5262FF215270}.Release|x86.ActiveCfg = Release|Win32
		{DA368583-F533-48EE-93FA-5262FF215270}.Release|x86.Build.0 = Release|Win32
		{162AB9AB-2C1B-4A4B-8645-AA3D5C369E99}.Debug|x64.ActiveCfg = Debug|x64
		{162AB9AB-2C1B-4A4B-8645-AA3D5C369E99}.Debug|x64.Build.0 = Debug|x64
		{162AB9AB-2C1B-4A4B-8645-AA3D5C369E99}.Debug|x86.ActiveCfg = Debug|Win32
		{162AB9AB-2C1B-4A4B-8645-AA3D5C369E99}.Debug|x86.Build.0 = Debug|Win32
		{162AB9AB-2C1B-4A4B-8645-AA3D5C369E99}.Release|x64.ActiveCfg = Release|x64
		{162AB9AB-2C1B-4A4B-8645-AA3D5C369E99}.Release|x64.Build.0 = Release|x64
		{162AB9AB-2C1B-4A4B-8645-AA3D5C369E99}.Release|x86.ActiveCfg = Release|Win32
		{162AB9AB-2C1B-4A4B-8645-AA3D5C369E99}.Release|x86.Build.0 = Release|Win32
		{C57A0043-4A66-4775-A07B-8FDDD2653420}.Debug|x64.ActiveCfg = Debug|x64
		{C57A0043-4A66-4775-A07B-8FDDD2653420}.Debug|x64.Build.0 = Debug|x64
		{C57A0043-4A66-4775-A07B-8FDDD2653420}.Debug|x86.ActiveCfg = Debug|Win32
		{C57A0043-4A66-4775-A07B-8FDDD2653420}.Debug|x86.Build.0 = Debug|Win32
		{C57A0043-4A66-4775-A07B-8FDDD2653420}.Release|x64.ActiveCfg = Release|x64
		{C57A0043-4A66-4775-A07B-8FDDD2653420}.Release|x64.Build.0 = Release|x64
		{C57A0043-4A66-4775-A07B-8FDDD2653420}.Release|x86.ActiveCfg = Release|Win32
		{C57A0043-4A66-4775-A07B-8FDDD2653420}.Release|x86.Build.0 = Release|Win32
		{E6699D3D-F05C-446E-A986-5093BFD7E565}.Debug|x64.ActiveCfg = Debug|x64
		{E6699D3D-F05C-446E-A986-5093BFD7E565}.Debug|x64.Build.0 = Debug|x64
		{E6699D3D-F05C-446E-A986-5093BFD7E565}.Debug|x86.ActiveCfg = Debug|Win32
		{E6699D3D-F05C-446E-A986-5093BFD7E565}.Debug|x86.Build.0 = Debug|Win32
		{E6699D3D-F05C-446E-A986-5093BFD7E565}.Release|x64.ActiveCfg = Release|x64
		{E6699D3D-F05C-446E-A986-5093BFD7E565}.Release|x64.Build.0 = Release|x64
		{E6699D3D-F05C-446E-A986-5093BFD7E565}.Release|x86.ActiveCfg = Release|Win32
		{E6699D3D-F05C-446E-A986-5093BFD7E565}.Release|x86.Build.0 = Release|Win32
		{25F7D6A4-B407-477E-AAC7-C7E026460CF7}.Debug|x64.ActiveCfg = Debug|x64
		{25F7D6A4-B407-477E-AAC7-C7E026460CF7}.Debug|x64.Build.0 = Debug|x64
		{25F7D6A4-B407-477E-AAC7-C7E026460CF7}.Debug|x86.ActiveCfg = Debug|Win32
		{25F7D6A4-B407-477E-AAC7-C7E026460CF7}.Debug|x86.Build.0 = Debug|Win32
		{25F7D6A4-B407-477E-AAC7-C7E026460CF7}.Release|x64.ActiveCfg = Release|x64
		{25F7D6A4-B407-477E-AAC7-C7E026460CF7}.Release|x64.Build.0 = Release|x64
		{25F7D6A4-B407-477E-AAC7-C7E026460CF7}.Release|x86.ActiveCfg = Release|Win32
		{25F7D6A4-B407-477E-AAC7-C7E026460CF7}.Release|x86.Build.0 = Release|Win32
		{AEA2509A-4250-479D-B341-881C74E693A7}.Debug|x64.ActiveCfg = Debug|x64
		{AEA2509A-4250-479D-B341-881C74E693A7}.Debug|x64.Build.0 = Debug|x64
		{AEA2509A-4250-479D-B341-881C74E693A7}.Debug|x86.ActiveCfg = Debug|Win32
		{AEA2509A-4250-479D-B341-881C74E693A7}.Debug|x86.Build.0 = Debug|Win32
		{AEA2509A-4250-479D-B341-881C74E693A7}.Release|x64.ActiveCfg = Release|x64
		{AEA2509A-4250-479D-B341-881C74E693A7}.Release|x64.Build.0 = Release|x64
		{AEA2509A-4250-479D-B341-881C74E693A7}.Release|x86.ActiveCfg = Release|Win32
		{AEA2509A-4250-479D-B341-881C74E693A7}.Release|x86.Build.0 = Release|Win32
		{C07DA2C7-49E4-4FF1-B078-5BC36A4FC172}.Debug|x64.ActiveCfg = Debug|x64
		{C07DA2C7-49E4-4FF1-B078-5BC36A4FC172}.Debug|x64.Build.0 = Debug|x64
		{C07DA2C7-49E4-4FF1-B078-5BC36A4FC172}.Debug|x86.ActiveCfg = Debug|Win32
		{C07DA2C7-49E4-4FF1-B078-5BC36A4FC172}.Debug|x86.Build.0 = Debug|Win32
		{C07DA2C7-49E4-4FF1-B078-5BC36A4FC172}.Release|x64.ActiveCfg = Release|x64
		{C07DA2C7-49E4-4FF1-B078-5BC36A4FC172}.Release|x64.Build.0 = Release|x64
		{C07DA2C7-49E4-4FF1-B078-5BC36A4FC172}.Release|x86.ActiveCfg = Release|Win32
		{C07DA2C7-49E4-4FF1-B078-5BC36A4FC172}.Release|x86.Build.0 = Release|Win32
		{5A3D08E4-4E9E-4254-89B8-0D71FCAC10B1}.Debug|x64.ActiveCfg = Debug|x64
		{5A3D08E4-4E9E-4254-89B8-0D71FCAC10B1}.Debug|x64.Build.0 = Debug|x64
		{5A3D08E4-4E9E-4254-89B8-0D71FCAC10B1}.Debug|x86.ActiveCfg = Debug|Win32
		{5A3D08E4-4E9E-4254-89B8-0D71FCAC10B1}.Debug|x86.Build.0 = Debug|Win32
		{5A3D08E4-4E9E-4254-89B8-0D71FCAC10B1}.Release|x64.ActiveCfg = Release|x64
		{5A3D08E4-4E9E-4254-89B8-0D71FCAC10B1}.Release|x64.Build.0 = Release|x64
		{5A3D08E4-4E9E-4254-89B8-0D71FCAC10B1}.Release|x86.ActiveCfg = Release|Win32
		{5A3D08E4-4E9E-4254-89B8-0D71FCAC10B1}.Release|x86.Build.0 = Release|Win32
		{51CAFC51-C1D4-4CE4-A77C-4D5A0C60D927}.Debug|x64.ActiveCfg = Debug|x64
		{51CAFC51-C1D4-4CE4-A77C-4D5A0C60D927}.Debug|x64.Build.0 = Debug|x64
		{51CAFC51-C1D4-4CE4-A77C-4D5A0C60D927}.Debug|x86.ActiveCfg = Debug|Win32
		{51CAFC51-C1D4-4CE4-A77C-4D5A0C60D927}.Debug|x86.Build.0 = Debug|Win32
		{51CAFC51-C1D4-4CE4-A77C-4D5A0C60D927}.Release|x64.ActiveCfg = Release|x64
		{51CAFC51-C1D4-4CE4-A77C-4D5A0C60D927}.Release|x64.Build.0 = Release|x64
		{51CAFC51-C1D4-4CE4-A77C-4D5A0C60D927}.Release|x86.ActiveCfg = Release|Win32
		{51CAFC51-C1D4-4CE4-A77C-4D5A0C60D927}.Release|x86.Build.0 = Release|Win32
		{B043D541-C662-41E5-9DC2-FAFCFBEDE78B}.Debug|x64.ActiveCfg = Debug|x64
		{B043D541-C662-41E5-9DC2-FAFCFBEDE78B}.Debug|x64.Build.0 = Debug|x64
		{B043D541-C662-41E5-9DC2-FAFCFBEDE78B}.Debug|x86.ActiveCfg = Debug|Win32
		{B043D541-C662-41E5-9DC2-FAFCFBEDE78B}.Debug|x86.Build.0 = Debug|Win32
		{B043D541-C662-41E5-9DC2-FAFCFBEDE78B}.Release|x64.ActiveCfg = Release|x64
		{B043D541-C662-41E5-9DC2-FAFCFBEDE78B}.Release|x64.Build.0 = Release|x64
		{B043D541-C662-41E5-9DC2-FAFCFBEDE78B}.Release|x86.ActiveCfg = Release|Win32
		{B043D541-C662-41E5-9DC2-FAFCFBEDE78B}.Release|x86.Build.0 = Release|Win32
		{43B7C26A-6B9C-4028-B59B-793BB7DD1C32}.Debug|x64.ActiveCfg = Debug|x64
		{43B7C26A-6B9C-4028-B59B-793BB7DD1C32}.Debug|x64.Build.0 = Debug|x64
		{43B7C26A-6B9C-4028-B59B-793BB7DD1C32}.Debug|x86.ActiveCfg = Debug|Win32
		{43B7C26A-6B9C-4028-B59B-793BB7DD1C32}.Debug|x86.Build.0 = Debug|Win32
		{43B7C26A-6B9C-4028-B59B-793BB7DD1C32}.Release|x64.ActiveCfg = Release|x64
		{43B7C26A-6B9C-4028-B59B-793BB7DD1C32}.Release|x64.Build.0 = Release|x64
		{43B7C26A-6B9C-4028-B59B-793BB7DD1C32}.Release|x86.ActiveCfg = Release|Win32
		{43B7C26A-6B9C-4028-B59B-793BB7DD1C32}.Release|x86.Build.0 = Release|Win32
	EndGlobalSection
	GlobalSection(SolutionProperties) = preSolution
		HideSolutionNode = FALSE
	EndGlobalSection
	GlobalSection(ExtensibilityGlobals) = postSolution
		SolutionGuid = {FCF3725D-F7A5-406A-97AC-1D9B89950413}
	EndGlobalSection
EndGlobal
