
Microsoft Visual Studio Solution File, Format Version 12.00
# Visual Studio Version 17
VisualStudioVersion = 17.6.33829.357
MinimumVisualStudioVersion = 10.0.40219.1
Project("{8BC9CEB8-8B4A-11D0-8D11-00A0C91BC942}") = "Bai001", "Bai_1\Bai_1.vcxproj", "{39288101-541B-479A-B853-F4E75AFBB38D}"
EndProject
Project("{8BC9CEB8-8B4A-11D0-8D11-00A0C91BC942}") = "Bai002", "Bai_2\Bai_2.vcxproj", "{05DD9198-122A-4692-9275-769209DB626B}"
EndProject
Project("{8BC9CEB8-8B4A-11D0-8D11-00A0C91BC942}") = "Bai003", "bai_3\bai_3.vcxproj", "{DA368583-F533-48EE-93FA-5262FF215270}"
EndProject
Project("{8BC9CEB8-8B4A-11D0-8D11-00A0C91BC942}") = "Bai004", "Bai_4\Bai_4.vcxproj", "{162AB9AB-2C1B-4A4B-8645-AA3D5C369E99}"
EndProject
Project("{8BC9CEB8-8B4A-11D0-8D11-00A0C91BC942}") = "Bai005", "Bai_5\Bai_5.vcxproj", "{C57A0043-4A66-4775-A07B-8FDDD2653420}"
EndProject
Project("{8BC9CEB8-8B4A-11D0-8D11-00A0C91BC942}") = "Bai006", "Bai_6\Bai_6.vcxproj", "{E6699D3D-F05C-446E-A986-5093BFD7E565}"
EndProject
Project("{8BC9CEB8-8B4A-11D0-8D11-00A0C91BC942}") = "Bai007", "Bai_7\Bai_7.vcxproj", "{25F7D6A4-B407-477E-AAC7-C7E026460CF7}"
EndProject
Project("{8BC9CEB8-8B4A-11D0-8D11-00A0C91BC942}") = "Bai008", "Bai_8\Bai_8.vcxproj", "{AEA2509A-4250-479D-B341-881C74E693A7}"
EndProject
Project("{8BC9CEB8-8B4A-11D0-8D11-00A0C91BC942}") = "Bai009", "Bai_9\Bai_9.vcxproj", "{C07DA2C7-49E4-4FF1-B078-5BC36A4FC172}"
EndProject
Project("{8BC9CEB8-8B4A-11D0-8D11-00A0C91BC942}") = "Bai010", "Bai_10\Bai_10.vcxproj", "{5A3D08E4-4E9E-4254-89B8-0D71FCAC10B1}"
EndProject
Project("{8BC9CEB8-8B4A-11D0-8D11-00A0C91BC942}") = "Bai011", "Bai_11\Bai_11.vcxproj", "{51CAFC51-C1D4-4CE4-A77C-4D5A0C60D927}"
EndProject
Project("{8BC9CEB8-8B4A-11D0-8D11-00A0C91BC942}") = "Bai012", "Bai_12\Bai_12.vcxproj", "{B043D541-C662-41E5-9DC2-FAFCFBEDE78B}"
EndProject
Project("{8BC9CEB8-8B4A-11D0-8D11-00A0C91BC942}") = "Bai013", "Bai_13\Bai_13.vcxproj", "{43B7C26A-6B9C-4028-B59B-793BB7DD1C32}"
EndProject
Project("{8BC9CEB8-8B4A-11D0-8D11-00A0C91BC942}") = "Bai014", "Bai_14\Bai_14.vcxproj", "{9A975A24-1362-4A16-A211-5032F95AB15C}"
EndProject
Project("{8BC9CEB8-8B4A-11D0-8D11-00A0C91BC942}") = "Bai015", "Project1\Project1.vcxproj", "{460D4F8C-071D-4886-B83C-542B7E8C23C0}"
EndProject
Project("{8BC9CEB8-8B4A-11D0-8D11-00A0C91BC942}") = "Bai016", "Bai016\Bai016.vcxproj", "{C90F511C-765E-4721-B657-1FC8B928C95C}"
EndProject
Project("{8BC9CEB8-8B4A-11D0-8D11-00A0C91BC942}") = "Bai017", "Bai017\Bai017.vcxproj", "{2994BD2F-B4B8-4911-B895-F3649418C396}"
EndProject
Project("{8BC9CEB8-8B4A-11D0-8D11-00A0C91BC942}") = "Bai018", "Bai018\Bai018.vcxproj", "{3675F51A-0C69-4A00-B956-A1EBDFFBB698}"
EndProject
Project("{8BC9CEB8-8B4A-11D0-8D11-00A0C91BC942}") = "Bai019", "Bai019\Bai019.vcxproj", "{8C121C21-0146-41FC-BAB3-E264E4CFA9E3}"
EndProject
Project("{8BC9CEB8-8B4A-11D0-8D11-00A0C91BC942}") = "Bai020", "Bai020\Bai020.vcxproj", "{45620F67-AA16-4E39-8FD3-9B07D03583C9}"
EndProject
Project("{8BC9CEB8-8B4A-11D0-8D11-00A0C91BC942}") = "Bai021", "Bai021\Bai021.vcxproj", "{9252E086-CDD0-4655-B6ED-00BEFF23454A}"
EndProject
Project("{8BC9CEB8-8B4A-11D0-8D11-00A0C91BC942}") = "Bai022", "Bai022\Bai022.vcxproj", "{32770D93-4329-401E-B4A9-941343EF3BA9}"
EndProject
Project("{8BC9CEB8-8B4A-11D0-8D11-00A0C91BC942}") = "Bai023", "Bai023\Bai023.vcxproj", "{4C400DBC-9C3D-41FF-B297-AF3AC2C8E1D4}"
EndProject
Project("{8BC9CEB8-8B4A-11D0-8D11-00A0C91BC942}") = "Bai024", "Bai024\Bai024.vcxproj", "{38EA6E05-62FF-43E4-A6FA-C2DDB795E623}"
EndProject
Project("{8BC9CEB8-8B4A-11D0-8D11-00A0C91BC942}") = "Bai025", "Bai025\Bai025.vcxproj", "{EADE77F7-96F9-4DDE-A5BF-4BB41FEA17BF}"
EndProject
Project("{8BC9CEB8-8B4A-11D0-8D11-00A0C91BC942}") = "Bai026", "Bai026\Bai026.vcxproj", "{6CA457E4-5B43-4124-A9EC-A54024C862BD}"
EndProject
Project("{8BC9CEB8-8B4A-11D0-8D11-00A0C91BC942}") = "Bai027", "Bai027\Bai027.vcxproj", "{CC736D27-F112-455F-8736-E21A53434F5A}"
EndProject
Project("{8BC9CEB8-8B4A-11D0-8D11-00A0C91BC942}") = "Bai028", "bai028\bai028.vcxproj", "{06554C92-5362-4224-847C-FA5CBF48BE84}"
EndProject
Project("{8BC9CEB8-8B4A-11D0-8D11-00A0C91BC942}") = "Bai029", "Bai029\Bai029.vcxproj", "{7E6CEDC2-4E03-4C5D-93BA-5EC94C87900B}"
EndProject
Project("{8BC9CEB8-8B4A-11D0-8D11-00A0C91BC942}") = "Bai030", "Bai030\Bai030.vcxproj", "{42C86C5E-2249-449D-96B1-026C080DC541}"
EndProject
Project("{8BC9CEB8-8B4A-11D0-8D11-00A0C91BC942}") = "Bai031", "Bai031\Bai031.vcxproj", "{F5169112-800A-43DF-97A8-FD6A4AE1061C}"
EndProject
Project("{8BC9CEB8-8B4A-11D0-8D11-00A0C91BC942}") = "Bai032", "Bai032\Bai032.vcxproj", "{2FBE51C4-5CDC-429D-AD6F-3BAA43BA4F4E}"
EndProject
Project("{8BC9CEB8-8B4A-11D0-8D11-00A0C91BC942}") = "Bai033", "Bai033\Bai033.vcxproj", "{1E3061B3-D6B3-48DE-A89D-0138475D95C7}"
EndProject
Global
	GlobalSection(SolutionConfigurationPlatforms) = preSolution
		Debug|x64 = Debug|x64
		Debug|x86 = Debug|x86
		Release|x64 = Release|x64
		Release|x86 = Release|x86
	EndGlobalSection
	GlobalSection(ProjectConfigurationPlatforms) = postSolution
		{39288101-541B-479A-B853-F4E75AFBB38D}.Debug|x64.ActiveCfg = Debug|x64
		{39288101-541B-479A-B853-F4E75AFBB38D}.Debug|x64.Build.0 = Debug|x64
		{39288101-541B-479A-B853-F4E75AFBB38D}.Debug|x86.ActiveCfg = Debug|Win32
		{39288101-541B-479A-B853-F4E75AFBB38D}.Debug|x86.Build.0 = Debug|Win32
		{39288101-541B-479A-B853-F4E75AFBB38D}.Release|x64.ActiveCfg = Release|x64
		{39288101-541B-479A-B853-F4E75AFBB38D}.Release|x64.Build.0 = Release|x64
		{39288101-541B-479A-B853-F4E75AFBB38D}.Release|x86.ActiveCfg = Release|Win32
		{39288101-541B-479A-B853-F4E75AFBB38D}.Release|x86.Build.0 = Release|Win32
		{05DD9198-122A-4692-9275-769209DB626B}.Debug|x64.ActiveCfg = Debug|x64
		{05DD9198-122A-4692-9275-769209DB626B}.Debug|x64.Build.0 = Debug|x64
		{05DD9198-122A-4692-9275-769209DB626B}.Debug|x86.ActiveCfg = Debug|Win32
		{05DD9198-122A-4692-9275-769209DB626B}.Debug|x86.Build.0 = Debug|Win32
		{05DD9198-122A-4692-9275-769209DB626B}.Release|x64.ActiveCfg = Release|x64
		{05DD9198-122A-4692-9275-769209DB626B}.Release|x64.Build.0 = Release|x64
		{05DD9198-122A-4692-9275-769209DB626B}.Release|x86.ActiveCfg = Release|Win32
		{05DD9198-122A-4692-9275-769209DB626B}.Release|x86.Build.0 = Release|Win32
		{DA368583-F533-48EE-93FA-5262FF215270}.Debug|x64.ActiveCfg = Debug|x64
		{DA368583-F533-48EE-93FA-5262FF215270}.Debug|x64.Build.0 = Debug|x64
		{DA368583-F533-48EE-93FA-5262FF215270}.Debug|x86.ActiveCfg = Debug|Win32
		{DA368583-F533-48EE-93FA-5262FF215270}.Debug|x86.Build.0 = Debug|Win32
		{DA368583-F533-48EE-93FA-5262FF215270}.Release|x64.ActiveCfg = Release|x64
		{DA368583-F533-48EE-93FA-5262FF215270}.Release|x64.Build.0 = Release|x64
		{DA368583-F533-48EE-93FA-5262FF215270}.Release|x86.ActiveCfg = Release|Win32
		{DA368583-F533-48EE-93FA-5262FF215270}.Release|x86.Build.0 = Release|Win32
		{162AB9AB-2C1B-4A4B-8645-AA3D5C369E99}.Debug|x64.ActiveCfg = Debug|x64
		{162AB9AB-2C1B-4A4B-8645-AA3D5C369E99}.Debug|x64.Build.0 = Debug|x64
		{162AB9AB-2C1B-4A4B-8645-AA3D5C369E99}.Debug|x86.ActiveCfg = Debug|Win32
		{162AB9AB-2C1B-4A4B-8645-AA3D5C369E99}.Debug|x86.Build.0 = Debug|Win32
		{162AB9AB-2C1B-4A4B-8645-AA3D5C369E99}.Release|x64.ActiveCfg = Release|x64
		{162AB9AB-2C1B-4A4B-8645-AA3D5C369E99}.Release|x64.Build.0 = Release|x64
		{162AB9AB-2C1B-4A4B-8645-AA3D5C369E99}.Release|x86.ActiveCfg = Release|Win32
		{162AB9AB-2C1B-4A4B-8645-AA3D5C369E99}.Release|x86.Build.0 = Release|Win32
		{C57A0043-4A66-4775-A07B-8FDDD2653420}.Debug|x64.ActiveCfg = Debug|x64
		{C57A0043-4A66-4775-A07B-8FDDD2653420}.Debug|x64.Build.0 = Debug|x64
		{C57A0043-4A66-4775-A07B-8FDDD2653420}.Debug|x86.ActiveCfg = Debug|Win32
		{C57A0043-4A66-4775-A07B-8FDDD2653420}.Debug|x86.Build.0 = Debug|Win32
		{C57A0043-4A66-4775-A07B-8FDDD2653420}.Release|x64.ActiveCfg = Release|x64
		{C57A0043-4A66-4775-A07B-8FDDD2653420}.Release|x64.Build.0 = Release|x64
		{C57A0043-4A66-4775-A07B-8FDDD2653420}.Release|x86.ActiveCfg = Release|Win32
		{C57A0043-4A66-4775-A07B-8FDDD2653420}.Release|x86.Build.0 = Release|Win32
		{E6699D3D-F05C-446E-A986-5093BFD7E565}.Debug|x64.ActiveCfg = Debug|x64
		{E6699D3D-F05C-446E-A986-5093BFD7E565}.Debug|x64.Build.0 = Debug|x64
		{E6699D3D-F05C-446E-A986-5093BFD7E565}.Debug|x86.ActiveCfg = Debug|Win32
		{E6699D3D-F05C-446E-A986-5093BFD7E565}.Debug|x86.Build.0 = Debug|Win32
		{E6699D3D-F05C-446E-A986-5093BFD7E565}.Release|x64.ActiveCfg = Release|x64
		{E6699D3D-F05C-446E-A986-5093BFD7E565}.Release|x64.Build.0 = Release|x64
		{E6699D3D-F05C-446E-A986-5093BFD7E565}.Release|x86.ActiveCfg = Release|Win32
		{E6699D3D-F05C-446E-A986-5093BFD7E565}.Release|x86.Build.0 = Release|Win32
		{25F7D6A4-B407-477E-AAC7-C7E026460CF7}.Debug|x64.ActiveCfg = Debug|x64
		{25F7D6A4-B407-477E-AAC7-C7E026460CF7}.Debug|x64.Build.0 = Debug|x64
		{25F7D6A4-B407-477E-AAC7-C7E026460CF7}.Debug|x86.ActiveCfg = Debug|Win32
		{25F7D6A4-B407-477E-AAC7-C7E026460CF7}.Debug|x86.Build.0 = Debug|Win32
		{25F7D6A4-B407-477E-AAC7-C7E026460CF7}.Release|x64.ActiveCfg = Release|x64
		{25F7D6A4-B407-477E-AAC7-C7E026460CF7}.Release|x64.Build.0 = Release|x64
		{25F7D6A4-B407-477E-AAC7-C7E026460CF7}.Release|x86.ActiveCfg = Release|Win32
		{25F7D6A4-B407-477E-AAC7-C7E026460CF7}.Release|x86.Build.0 = Release|Win32
		{AEA2509A-4250-479D-B341-881C74E693A7}.Debug|x64.ActiveCfg = Debug|x64
		{AEA2509A-4250-479D-B341-881C74E693A7}.Debug|x64.Build.0 = Debug|x64
		{AEA2509A-4250-479D-B341-881C74E693A7}.Debug|x86.ActiveCfg = Debug|Win32
		{AEA2509A-4250-479D-B341-881C74E693A7}.Debug|x86.Build.0 = Debug|Win32
		{AEA2509A-4250-479D-B341-881C74E693A7}.Release|x64.ActiveCfg = Release|x64
		{AEA2509A-4250-479D-B341-881C74E693A7}.Release|x64.Build.0 = Release|x64
		{AEA2509A-4250-479D-B341-881C74E693A7}.Release|x86.ActiveCfg = Release|Win32
		{AEA2509A-4250-479D-B341-881C74E693A7}.Release|x86.Build.0 = Release|Win32
		{C07DA2C7-49E4-4FF1-B078-5BC36A4FC172}.Debug|x64.ActiveCfg = Debug|x64
		{C07DA2C7-49E4-4FF1-B078-5BC36A4FC172}.Debug|x64.Build.0 = Debug|x64
		{C07DA2C7-49E4-4FF1-B078-5BC36A4FC172}.Debug|x86.ActiveCfg = Debug|Win32
		{C07DA2C7-49E4-4FF1-B078-5BC36A4FC172}.Debug|x86.Build.0 = Debug|Win32
		{C07DA2C7-49E4-4FF1-B078-5BC36A4FC172}.Release|x64.ActiveCfg = Release|x64
		{C07DA2C7-49E4-4FF1-B078-5BC36A4FC172}.Release|x64.Build.0 = Release|x64
		{C07DA2C7-49E4-4FF1-B078-5BC36A4FC172}.Release|x86.ActiveCfg = Release|Win32
		{C07DA2C7-49E4-4FF1-B078-5BC36A4FC172}.Release|x86.Build.0 = Release|Win32
		{5A3D08E4-4E9E-4254-89B8-0D71FCAC10B1}.Debug|x64.ActiveCfg = Debug|x64
		{5A3D08E4-4E9E-4254-89B8-0D71FCAC10B1}.Debug|x64.Build.0 = Debug|x64
		{5A3D08E4-4E9E-4254-89B8-0D71FCAC10B1}.Debug|x86.ActiveCfg = Debug|Win32
		{5A3D08E4-4E9E-4254-89B8-0D71FCAC10B1}.Debug|x86.Build.0 = Debug|Win32
		{5A3D08E4-4E9E-4254-89B8-0D71FCAC10B1}.Release|x64.ActiveCfg = Release|x64
		{5A3D08E4-4E9E-4254-89B8-0D71FCAC10B1}.Release|x64.Build.0 = Release|x64
		{5A3D08E4-4E9E-4254-89B8-0D71FCAC10B1}.Release|x86.ActiveCfg = Release|Win32
		{5A3D08E4-4E9E-4254-89B8-0D71FCAC10B1}.Release|x86.Build.0 = Release|Win32
		{51CAFC51-C1D4-4CE4-A77C-4D5A0C60D927}.Debug|x64.ActiveCfg = Debug|x64
		{51CAFC51-C1D4-4CE4-A77C-4D5A0C60D927}.Debug|x64.Build.0 = Debug|x64
		{51CAFC51-C1D4-4CE4-A77C-4D5A0C60D927}.Debug|x86.ActiveCfg = Debug|Win32
		{51CAFC51-C1D4-4CE4-A77C-4D5A0C60D927}.Debug|x86.Build.0 = Debug|Win32
		{51CAFC51-C1D4-4CE4-A77C-4D5A0C60D927}.Release|x64.ActiveCfg = Release|x64
		{51CAFC51-C1D4-4CE4-A77C-4D5A0C60D927}.Release|x64.Build.0 = Release|x64
		{51CAFC51-C1D4-4CE4-A77C-4D5A0C60D927}.Release|x86.ActiveCfg = Release|Win32
		{51CAFC51-C1D4-4CE4-A77C-4D5A0C60D927}.Release|x86.Build.0 = Release|Win32
		{B043D541-C662-41E5-9DC2-FAFCFBEDE78B}.Debug|x64.ActiveCfg = Debug|x64
		{B043D541-C662-41E5-9DC2-FAFCFBEDE78B}.Debug|x64.Build.0 = Debug|x64
		{B043D541-C662-41E5-9DC2-FAFCFBEDE78B}.Debug|x86.ActiveCfg = Debug|Win32
		{B043D541-C662-41E5-9DC2-FAFCFBEDE78B}.Debug|x86.Build.0 = Debug|Win32
		{B043D541-C662-41E5-9DC2-FAFCFBEDE78B}.Release|x64.ActiveCfg = Release|x64
		{B043D541-C662-41E5-9DC2-FAFCFBEDE78B}.Release|x64.Build.0 = Release|x64
		{B043D541-C662-41E5-9DC2-FAFCFBEDE78B}.Release|x86.ActiveCfg = Release|Win32
		{B043D541-C662-41E5-9DC2-FAFCFBEDE78B}.Release|x86.Build.0 = Release|Win32
		{43B7C26A-6B9C-4028-B59B-793BB7DD1C32}.Debug|x64.ActiveCfg = Debug|x64
		{43B7C26A-6B9C-4028-B59B-793BB7DD1C32}.Debug|x64.Build.0 = Debug|x64
		{43B7C26A-6B9C-4028-B59B-793BB7DD1C32}.Debug|x86.ActiveCfg = Debug|Win32
		{43B7C26A-6B9C-4028-B59B-793BB7DD1C32}.Debug|x86.Build.0 = Debug|Win32
		{43B7C26A-6B9C-4028-B59B-793BB7DD1C32}.Release|x64.ActiveCfg = Release|x64
		{43B7C26A-6B9C-4028-B59B-793BB7DD1C32}.Release|x64.Build.0 = Release|x64
		{43B7C26A-6B9C-4028-B59B-793BB7DD1C32}.Release|x86.ActiveCfg = Release|Win32
		{43B7C26A-6B9C-4028-B59B-793BB7DD1C32}.Release|x86.Build.0 = Release|Win32
		{9A975A24-1362-4A16-A211-5032F95AB15C}.Debug|x64.ActiveCfg = Debug|x64
		{9A975A24-1362-4A16-A211-5032F95AB15C}.Debug|x64.Build.0 = Debug|x64
		{9A975A24-1362-4A16-A211-5032F95AB15C}.Debug|x86.ActiveCfg = Debug|Win32
		{9A975A24-1362-4A16-A211-5032F95AB15C}.Debug|x86.Build.0 = Debug|Win32
		{9A975A24-1362-4A16-A211-5032F95AB15C}.Release|x64.ActiveCfg = Release|x64
		{9A975A24-1362-4A16-A211-5032F95AB15C}.Release|x64.Build.0 = Release|x64
		{9A975A24-1362-4A16-A211-5032F95AB15C}.Release|x86.ActiveCfg = Release|Win32
		{9A975A24-1362-4A16-A211-5032F95AB15C}.Release|x86.Build.0 = Release|Win32
		{460D4F8C-071D-4886-B83C-542B7E8C23C0}.Debug|x64.ActiveCfg = Debug|x64
		{460D4F8C-071D-4886-B83C-542B7E8C23C0}.Debug|x64.Build.0 = Debug|x64
		{460D4F8C-071D-4886-B83C-542B7E8C23C0}.Debug|x86.ActiveCfg = Debug|Win32
		{460D4F8C-071D-4886-B83C-542B7E8C23C0}.Debug|x86.Build.0 = Debug|Win32
		{460D4F8C-071D-4886-B83C-542B7E8C23C0}.Release|x64.ActiveCfg = Release|x64
		{460D4F8C-071D-4886-B83C-542B7E8C23C0}.Release|x64.Build.0 = Release|x64
		{460D4F8C-071D-4886-B83C-542B7E8C23C0}.Release|x86.ActiveCfg = Release|Win32
		{460D4F8C-071D-4886-B83C-542B7E8C23C0}.Release|x86.Build.0 = Release|Win32
		{C90F511C-765E-4721-B657-1FC8B928C95C}.Debug|x64.ActiveCfg = Debug|x64
		{C90F511C-765E-4721-B657-1FC8B928C95C}.Debug|x64.Build.0 = Debug|x64
		{C90F511C-765E-4721-B657-1FC8B928C95C}.Debug|x86.ActiveCfg = Debug|Win32
		{C90F511C-765E-4721-B657-1FC8B928C95C}.Debug|x86.Build.0 = Debug|Win32
		{C90F511C-765E-4721-B657-1FC8B928C95C}.Release|x64.ActiveCfg = Release|x64
		{C90F511C-765E-4721-B657-1FC8B928C95C}.Release|x64.Build.0 = Release|x64
		{C90F511C-765E-4721-B657-1FC8B928C95C}.Release|x86.ActiveCfg = Release|Win32
		{C90F511C-765E-4721-B657-1FC8B928C95C}.Release|x86.Build.0 = Release|Win32
		{2994BD2F-B4B8-4911-B895-F3649418C396}.Debug|x64.ActiveCfg = Debug|x64
		{2994BD2F-B4B8-4911-B895-F3649418C396}.Debug|x64.Build.0 = Debug|x64
		{2994BD2F-B4B8-4911-B895-F3649418C396}.Debug|x86.ActiveCfg = Debug|Win32
		{2994BD2F-B4B8-4911-B895-F3649418C396}.Debug|x86.Build.0 = Debug|Win32
		{2994BD2F-B4B8-4911-B895-F3649418C396}.Release|x64.ActiveCfg = Release|x64
		{2994BD2F-B4B8-4911-B895-F3649418C396}.Release|x64.Build.0 = Release|x64
		{2994BD2F-B4B8-4911-B895-F3649418C396}.Release|x86.ActiveCfg = Release|Win32
		{2994BD2F-B4B8-4911-B895-F3649418C396}.Release|x86.Build.0 = Release|Win32
		{3675F51A-0C69-4A00-B956-A1EBDFFBB698}.Debug|x64.ActiveCfg = Debug|x64
		{3675F51A-0C69-4A00-B956-A1EBDFFBB698}.Debug|x64.Build.0 = Debug|x64
		{3675F51A-0C69-4A00-B956-A1EBDFFBB698}.Debug|x86.ActiveCfg = Debug|Win32
		{3675F51A-0C69-4A00-B956-A1EBDFFBB698}.Debug|x86.Build.0 = Debug|Win32
		{3675F51A-0C69-4A00-B956-A1EBDFFBB698}.Release|x64.ActiveCfg = Release|x64
		{3675F51A-0C69-4A00-B956-A1EBDFFBB698}.Release|x64.Build.0 = Release|x64
		{3675F51A-0C69-4A00-B956-A1EBDFFBB698}.Release|x86.ActiveCfg = Release|Win32
		{3675F51A-0C69-4A00-B956-A1EBDFFBB698}.Release|x86.Build.0 = Release|Win32
		{8C121C21-0146-41FC-BAB3-E264E4CFA9E3}.Debug|x64.ActiveCfg = Debug|x64
		{8C121C21-0146-41FC-BAB3-E264E4CFA9E3}.Debug|x64.Build.0 = Debug|x64
		{8C121C21-0146-41FC-BAB3-E264E4CFA9E3}.Debug|x86.ActiveCfg = Debug|Win32
		{8C121C21-0146-41FC-BAB3-E264E4CFA9E3}.Debug|x86.Build.0 = Debug|Win32
		{8C121C21-0146-41FC-BAB3-E264E4CFA9E3}.Release|x64.ActiveCfg = Release|x64
		{8C121C21-0146-41FC-BAB3-E264E4CFA9E3}.Release|x64.Build.0 = Release|x64
		{8C121C21-0146-41FC-BAB3-E264E4CFA9E3}.Release|x86.ActiveCfg = Release|Win32
		{8C121C21-0146-41FC-BAB3-E264E4CFA9E3}.Release|x86.Build.0 = Release|Win32
		{45620F67-AA16-4E39-8FD3-9B07D03583C9}.Debug|x64.ActiveCfg = Debug|x64
		{45620F67-AA16-4E39-8FD3-9B07D03583C9}.Debug|x64.Build.0 = Debug|x64
		{45620F67-AA16-4E39-8FD3-9B07D03583C9}.Debug|x86.ActiveCfg = Debug|Win32
		{45620F67-AA16-4E39-8FD3-9B07D03583C9}.Debug|x86.Build.0 = Debug|Win32
		{45620F67-AA16-4E39-8FD3-9B07D03583C9}.Release|x64.ActiveCfg = Release|x64
		{45620F67-AA16-4E39-8FD3-9B07D03583C9}.Release|x64.Build.0 = Release|x64
		{45620F67-AA16-4E39-8FD3-9B07D03583C9}.Release|x86.ActiveCfg = Release|Win32
		{45620F67-AA16-4E39-8FD3-9B07D03583C9}.Release|x86.Build.0 = Release|Win32
		{9252E086-CDD0-4655-B6ED-00BEFF23454A}.Debug|x64.ActiveCfg = Debug|x64
		{9252E086-CDD0-4655-B6ED-00BEFF23454A}.Debug|x64.Build.0 = Debug|x64
		{9252E086-CDD0-4655-B6ED-00BEFF23454A}.Debug|x86.ActiveCfg = Debug|Win32
		{9252E086-CDD0-4655-B6ED-00BEFF23454A}.Debug|x86.Build.0 = Debug|Win32
		{9252E086-CDD0-4655-B6ED-00BEFF23454A}.Release|x64.ActiveCfg = Release|x64
		{9252E086-CDD0-4655-B6ED-00BEFF23454A}.Release|x64.Build.0 = Release|x64
		{9252E086-CDD0-4655-B6ED-00BEFF23454A}.Release|x86.ActiveCfg = Release|Win32
		{9252E086-CDD0-4655-B6ED-00BEFF23454A}.Release|x86.Build.0 = Release|Win32
		{32770D93-4329-401E-B4A9-941343EF3BA9}.Debug|x64.ActiveCfg = Debug|x64
		{32770D93-4329-401E-B4A9-941343EF3BA9}.Debug|x64.Build.0 = Debug|x64
		{32770D93-4329-401E-B4A9-941343EF3BA9}.Debug|x86.ActiveCfg = Debug|Win32
		{32770D93-4329-401E-B4A9-941343EF3BA9}.Debug|x86.Build.0 = Debug|Win32
		{32770D93-4329-401E-B4A9-941343EF3BA9}.Release|x64.ActiveCfg = Release|x64
		{32770D93-4329-401E-B4A9-941343EF3BA9}.Release|x64.Build.0 = Release|x64
		{32770D93-4329-401E-B4A9-941343EF3BA9}.Release|x86.ActiveCfg = Release|Win32
		{32770D93-4329-401E-B4A9-941343EF3BA9}.Release|x86.Build.0 = Release|Win32
		{4C400DBC-9C3D-41FF-B297-AF3AC2C8E1D4}.Debug|x64.ActiveCfg = Debug|x64
		{4C400DBC-9C3D-41FF-B297-AF3AC2C8E1D4}.Debug|x64.Build.0 = Debug|x64
		{4C400DBC-9C3D-41FF-B297-AF3AC2C8E1D4}.Debug|x86.ActiveCfg = Debug|Win32
		{4C400DBC-9C3D-41FF-B297-AF3AC2C8E1D4}.Debug|x86.Build.0 = Debug|Win32
		{4C400DBC-9C3D-41FF-B297-AF3AC2C8E1D4}.Release|x64.ActiveCfg = Release|x64
		{4C400DBC-9C3D-41FF-B297-AF3AC2C8E1D4}.Release|x64.Build.0 = Release|x64
		{4C400DBC-9C3D-41FF-B297-AF3AC2C8E1D4}.Release|x86.ActiveCfg = Release|Win32
		{4C400DBC-9C3D-41FF-B297-AF3AC2C8E1D4}.Release|x86.Build.0 = Release|Win32
		{38EA6E05-62FF-43E4-A6FA-C2DDB795E623}.Debug|x64.ActiveCfg = Debug|x64
		{38EA6E05-62FF-43E4-A6FA-C2DDB795E623}.Debug|x64.Build.0 = Debug|x64
		{38EA6E05-62FF-43E4-A6FA-C2DDB795E623}.Debug|x86.ActiveCfg = Debug|Win32
		{38EA6E05-62FF-43E4-A6FA-C2DDB795E623}.Debug|x86.Build.0 = Debug|Win32
		{38EA6E05-62FF-43E4-A6FA-C2DDB795E623}.Release|x64.ActiveCfg = Release|x64
		{38EA6E05-62FF-43E4-A6FA-C2DDB795E623}.Release|x64.Build.0 = Release|x64
		{38EA6E05-62FF-43E4-A6FA-C2DDB795E623}.Release|x86.ActiveCfg = Release|Win32
		{38EA6E05-62FF-43E4-A6FA-C2DDB795E623}.Release|x86.Build.0 = Release|Win32
		{EADE77F7-96F9-4DDE-A5BF-4BB41FEA17BF}.Debug|x64.ActiveCfg = Debug|x64
		{EADE77F7-96F9-4DDE-A5BF-4BB41FEA17BF}.Debug|x64.Build.0 = Debug|x64
		{EADE77F7-96F9-4DDE-A5BF-4BB41FEA17BF}.Debug|x86.ActiveCfg = Debug|Win32
		{EADE77F7-96F9-4DDE-A5BF-4BB41FEA17BF}.Debug|x86.Build.0 = Debug|Win32
		{EADE77F7-96F9-4DDE-A5BF-4BB41FEA17BF}.Release|x64.ActiveCfg = Release|x64
		{EADE77F7-96F9-4DDE-A5BF-4BB41FEA17BF}.Release|x64.Build.0 = Release|x64
		{EADE77F7-96F9-4DDE-A5BF-4BB41FEA17BF}.Release|x86.ActiveCfg = Release|Win32
		{EADE77F7-96F9-4DDE-A5BF-4BB41FEA17BF}.Release|x86.Build.0 = Release|Win32
		{6CA457E4-5B43-4124-A9EC-A54024C862BD}.Debug|x64.ActiveCfg = Debug|x64
		{6CA457E4-5B43-4124-A9EC-A54024C862BD}.Debug|x64.Build.0 = Debug|x64
		{6CA457E4-5B43-4124-A9EC-A54024C862BD}.Debug|x86.ActiveCfg = Debug|Win32
		{6CA457E4-5B43-4124-A9EC-A54024C862BD}.Debug|x86.Build.0 = Debug|Win32
		{6CA457E4-5B43-4124-A9EC-A54024C862BD}.Release|x64.ActiveCfg = Release|x64
		{6CA457E4-5B43-4124-A9EC-A54024C862BD}.Release|x64.Build.0 = Release|x64
		{6CA457E4-5B43-4124-A9EC-A54024C862BD}.Release|x86.ActiveCfg = Release|Win32
		{6CA457E4-5B43-4124-A9EC-A54024C862BD}.Release|x86.Build.0 = Release|Win32
		{CC736D27-F112-455F-8736-E21A53434F5A}.Debug|x64.ActiveCfg = Debug|x64
		{CC736D27-F112-455F-8736-E21A53434F5A}.Debug|x64.Build.0 = Debug|x64
		{CC736D27-F112-455F-8736-E21A53434F5A}.Debug|x86.ActiveCfg = Debug|Win32
		{CC736D27-F112-455F-8736-E21A53434F5A}.Debug|x86.Build.0 = Debug|Win32
		{CC736D27-F112-455F-8736-E21A53434F5A}.Release|x64.ActiveCfg = Release|x64
		{CC736D27-F112-455F-8736-E21A53434F5A}.Release|x64.Build.0 = Release|x64
		{CC736D27-F112-455F-8736-E21A53434F5A}.Release|x86.ActiveCfg = Release|Win32
		{CC736D27-F112-455F-8736-E21A53434F5A}.Release|x86.Build.0 = Release|Win32
		{06554C92-5362-4224-847C-FA5CBF48BE84}.Debug|x64.ActiveCfg = Debug|x64
		{06554C92-5362-4224-847C-FA5CBF48BE84}.Debug|x64.Build.0 = Debug|x64
		{06554C92-5362-4224-847C-FA5CBF48BE84}.Debug|x86.ActiveCfg = Debug|Win32
		{06554C92-5362-4224-847C-FA5CBF48BE84}.Debug|x86.Build.0 = Debug|Win32
		{06554C92-5362-4224-847C-FA5CBF48BE84}.Release|x64.ActiveCfg = Release|x64
		{06554C92-5362-4224-847C-FA5CBF48BE84}.Release|x64.Build.0 = Release|x64
		{06554C92-5362-4224-847C-FA5CBF48BE84}.Release|x86.ActiveCfg = Release|Win32
		{06554C92-5362-4224-847C-FA5CBF48BE84}.Release|x86.Build.0 = Release|Win32
		{7E6CEDC2-4E03-4C5D-93BA-5EC94C87900B}.Debug|x64.ActiveCfg = Debug|x64
		{7E6CEDC2-4E03-4C5D-93BA-5EC94C87900B}.Debug|x64.Build.0 = Debug|x64
		{7E6CEDC2-4E03-4C5D-93BA-5EC94C87900B}.Debug|x86.ActiveCfg = Debug|Win32
		{7E6CEDC2-4E03-4C5D-93BA-5EC94C87900B}.Debug|x86.Build.0 = Debug|Win32
		{7E6CEDC2-4E03-4C5D-93BA-5EC94C87900B}.Release|x64.ActiveCfg = Release|x64
		{7E6CEDC2-4E03-4C5D-93BA-5EC94C87900B}.Release|x64.Build.0 = Release|x64
		{7E6CEDC2-4E03-4C5D-93BA-5EC94C87900B}.Release|x86.ActiveCfg = Release|Win32
		{7E6CEDC2-4E03-4C5D-93BA-5EC94C87900B}.Release|x86.Build.0 = Release|Win32
		{42C86C5E-2249-449D-96B1-026C080DC541}.Debug|x64.ActiveCfg = Debug|x64
		{42C86C5E-2249-449D-96B1-026C080DC541}.Debug|x64.Build.0 = Debug|x64
		{42C86C5E-2249-449D-96B1-026C080DC541}.Debug|x86.ActiveCfg = Debug|Win32
		{42C86C5E-2249-449D-96B1-026C080DC541}.Debug|x86.Build.0 = Debug|Win32
		{42C86C5E-2249-449D-96B1-026C080DC541}.Release|x64.ActiveCfg = Release|x64
		{42C86C5E-2249-449D-96B1-026C080DC541}.Release|x64.Build.0 = Release|x64
		{42C86C5E-2249-449D-96B1-026C080DC541}.Release|x86.ActiveCfg = Release|Win32
		{42C86C5E-2249-449D-96B1-026C080DC541}.Release|x86.Build.0 = Release|Win32
		{F5169112-800A-43DF-97A8-FD6A4AE1061C}.Debug|x64.ActiveCfg = Debug|x64
		{F5169112-800A-43DF-97A8-FD6A4AE1061C}.Debug|x64.Build.0 = Debug|x64
		{F5169112-800A-43DF-97A8-FD6A4AE1061C}.Debug|x86.ActiveCfg = Debug|Win32
		{F5169112-800A-43DF-97A8-FD6A4AE1061C}.Debug|x86.Build.0 = Debug|Win32
		{F5169112-800A-43DF-97A8-FD6A4AE1061C}.Release|x64.ActiveCfg = Release|x64
		{F5169112-800A-43DF-97A8-FD6A4AE1061C}.Release|x64.Build.0 = Release|x64
		{F5169112-800A-43DF-97A8-FD6A4AE1061C}.Release|x86.ActiveCfg = Release|Win32
		{F5169112-800A-43DF-97A8-FD6A4AE1061C}.Release|x86.Build.0 = Release|Win32
		{2FBE51C4-5CDC-429D-AD6F-3BAA43BA4F4E}.Debug|x64.ActiveCfg = Debug|x64
		{2FBE51C4-5CDC-429D-AD6F-3BAA43BA4F4E}.Debug|x64.Build.0 = Debug|x64
		{2FBE51C4-5CDC-429D-AD6F-3BAA43BA4F4E}.Debug|x86.ActiveCfg = Debug|Win32
		{2FBE51C4-5CDC-429D-AD6F-3BAA43BA4F4E}.Debug|x86.Build.0 = Debug|Win32
		{2FBE51C4-5CDC-429D-AD6F-3BAA43BA4F4E}.Release|x64.ActiveCfg = Release|x64
		{2FBE51C4-5CDC-429D-AD6F-3BAA43BA4F4E}.Release|x64.Build.0 = Release|x64
		{2FBE51C4-5CDC-429D-AD6F-3BAA43BA4F4E}.Release|x86.ActiveCfg = Release|Win32
		{2FBE51C4-5CDC-429D-AD6F-3BAA43BA4F4E}.Release|x86.Build.0 = Release|Win32
		{1E3061B3-D6B3-48DE-A89D-0138475D95C7}.Debug|x64.ActiveCfg = Debug|x64
		{1E3061B3-D6B3-48DE-A89D-0138475D95C7}.Debug|x64.Build.0 = Debug|x64
		{1E3061B3-D6B3-48DE-A89D-0138475D95C7}.Debug|x86.ActiveCfg = Debug|Win32
		{1E3061B3-D6B3-48DE-A89D-0138475D95C7}.Debug|x86.Build.0 = Debug|Win32
		{1E3061B3-D6B3-48DE-A89D-0138475D95C7}.Release|x64.ActiveCfg = Release|x64
		{1E3061B3-D6B3-48DE-A89D-0138475D95C7}.Release|x64.Build.0 = Release|x64
		{1E3061B3-D6B3-48DE-A89D-0138475D95C7}.Release|x86.ActiveCfg = Release|Win32
		{1E3061B3-D6B3-48DE-A89D-0138475D95C7}.Release|x86.Build.0 = Release|Win32
	EndGlobalSection
	GlobalSection(SolutionProperties) = preSolution
		HideSolutionNode = FALSE
	EndGlobalSection
	GlobalSection(ExtensibilityGlobals) = postSolution
		SolutionGuid = {FCF3725D-F7A5-406A-97AC-1D9B89950413}
	EndGlobalSection
EndGlobal
